<Solution>
  <Folder Name="/src/">
    <Project Path="src/AccessTreeEngine/AccessTreeEngine.csproj" />
    <Project Path="src/AccessTreeView/AccessTreeView.csproj" />
  </Folder>
  <Folder Name="/tests/">
    <Project Path="tests/AccessTreeEngine.Tests/AccessTreeEngine.Tests.csproj" />
  </Folder>
</Solution>
